
Microsoft Visual Studio Solution File, Format Version 12.00
# Visual Studio Version 17
VisualStudioVersion = 17.2.32505.173
MinimumVisualStudioVersion = 10.0.40219.1
Project("{FAE04EC0-301F-11D3-BF4B-00C04F79EFBC}") = "Lab2", "Lab2\Lab2.csproj", "{67BB4EAC-684C-42AA-85E4-27F81CC90BE3}"
EndProject
Global
	GlobalSection(SolutionConfigurationPlatforms) = preSolution
		Debug|Any CPU = Debug|Any CPU
		Release|Any CPU = Release|Any CPU
	EndGlobalSection
	GlobalSection(ProjectConfigurationPlatforms) = postSolution
		{67BB4EAC-684C-42AA-85E4-27F81CC90BE3}.Debug|Any CPU.ActiveCfg = Debug|Any CPU
		{67BB4EAC-684C-42AA-85E4-27F81CC90BE3}.Debug|Any CPU.Build.0 = Debug|Any CPU
		{67BB4EAC-684C-42AA-85E4-27F81CC90BE3}.Release|Any CPU.ActiveCfg = Release|Any CPU
		{67BB4EAC-684C-42AA-85E4-27F81CC90BE3}.Release|Any CPU.Build.0 = Release|Any CPU
	EndGlobalSection
	GlobalSection(SolutionProperties) = preSolution
		HideSolutionNode = FALSE
	EndGlobalSection
	GlobalSection(ExtensibilityGlobals) = postSolution
		SolutionGuid = {18A61C85-62F4-4C67-9F02-272475ED003B}
	EndGlobalSection
EndGlobal
